{
  "version": 4,
  "terraform_version": "1.2.9",
  "serial": 8,
  "lineage": "b9a99bab-6725-412d-72fe-80cfd9423365",
  "outputs": {},
  "resources": [
    {
      "mode": "managed",
      "type": "ibm_container_vpc_cluster",
      "name": "cluster",
      "provider": "provider[\"registry.terraform.io/ibm-cloud/ibm\"]",
      "instances": [
        {
          "schema_version": 0,
          "attributes": {
            "albs": [
              {
                "alb_type": "private",
                "disable_deployment": false,
                "enable": false,
                "id": "private-crcd81lrtw08aq85oq5ka0-alb1",
                "load_balancer_hostname": "",
                "name": "",
                "resize": false,
                "state": "disabled"
              },
              {
                "alb_type": "public",
                "disable_deployment": false,
                "enable": true,
                "id": "public-crcd81lrtw08aq85oq5ka0-alb1",
                "load_balancer_hostname": "3cd20af5-us-east.lb.appdomain.cloud",
                "name": "",
                "resize": false,
                "state": "enabled"
              }
            ],
            "cos_instance_crn": null,
            "crk": null,
            "crn": "crn:v1:bluemix:public:containers-kubernetes:us-east:a/cdefe6d99f7ea459aacb25775fb88a33:cd81lrtw08aq85oq5ka0::",
            "disable_public_service_endpoint": false,
            "entitlement": null,
            "flavor": "bx2.2x8",
            "force_delete_storage": false,
            "host_pool_id": "",
            "id": "cd81lrtw08aq85oq5ka0",
            "image_security_enforcement": false,
            "ingress_hostname": "matthewchenvpccluster-4-4d801e9c87f3c801465049d014041247-0000.us-east.containers.appdomain.cloud",
            "ingress_secret": "matthewchenvpccluster-4-4d801e9c87f3c801465049d014041247-0000",
            "kms_config": [],
            "kms_instance_id": null,
            "kube_version": "1.23.12",
            "master_status": "Ready",
            "master_url": "https://c106.us-east.containers.cloud.ibm.com:32597",
            "name": "matthewChen_vpc_cluster-4",
            "patch_version": null,
            "pod_subnet": "172.17.64.0/18",
            "private_service_endpoint_url": "https://c106.private.us-east.containers.cloud.ibm.com:32597",
            "public_service_endpoint_url": "https://c106.us-east.containers.cloud.ibm.com:32597",
            "resource_controller_url": "https://cloud.ibm.com/kubernetes/clusters",
            "resource_crn": "crn:v1:bluemix:public:containers-kubernetes:us-east:a/cdefe6d99f7ea459aacb25775fb88a33:cd81lrtw08aq85oq5ka0::",
            "resource_group_id": "271bbee55baf463e81cec7de47d4b219",
            "resource_group_name": "default",
            "resource_name": "matthewChen_vpc_cluster-4",
            "resource_status": "normal",
            "retry_patch_version": null,
            "service_subnet": "172.21.0.0/16",
            "state": "normal",
            "tags": [],
            "taints": [],
            "timeouts": null,
            "update_all_workers": false,
            "vpc_id": "r014-3afaa5da-6ff1-45ce-9770-783a483b86fc",
            "wait_for_worker_update": true,
            "wait_till": "IngressReady",
            "worker_count": 3,
            "worker_labels": {},
            "zones": [
              {
                "name": "us-east-1",
                "subnet_id": "0757-a52146f4-4d38-4e85-b22f-4256a3839267"
              }
            ]
          },
          "sensitive_attributes": [],
          "private": "eyJlMmJmYjczMC1lY2FhLTExZTYtOGY4OC0zNDM2M2JjN2M0YzAiOnsiY3JlYXRlIjo1NDAwMDAwMDAwMDAwLCJkZWxldGUiOjI3MDAwMDAwMDAwMDAsInVwZGF0ZSI6MzYwMDAwMDAwMDAwMH19"
        }
      ]
    }
  ]
}
